// !$*UTF8*$!
{
	archiveVersion = 1;
	classes = {
	};
	objectVersion = 46;
	objects = {

/* Begin PBXBuildFile section */
		048BF9921D36E16700275B06 /* main.m in Sources */ = {isa = PBXBuildFile; fileRef = 048BF9911D36E16700275B06 /* main.m */; };
		048BF9951D36E16700275B06 /* AppDelegate.m in Sources */ = {isa = PBXBuildFile; fileRef = 048BF9941D36E16700275B06 /* AppDelegate.m */; };
		048BF9981D36E16700275B06 /* ViewController.m in Sources */ = {isa = PBXBuildFile; fileRef = 048BF9971D36E16700275B06 /* ViewController.m */; };
		048BF99B1D36E16700275B06 /* Main.storyboard in Resources */ = {isa = PBXBuildFile; fileRef = 048BF9991D36E16700275B06 /* Main.storyboard */; };
		048BF99D1D36E16700275B06 /* Assets.xcassets in Resources */ = {isa = PBXBuildFile; fileRef = 048BF99C1D36E16700275B06 /* Assets.xcassets */; };
		048BF9A01D36E16700275B06 /* LaunchScreen.storyboard in Resources */ = {isa = PBXBuildFile; fileRef = 048BF99E1D36E16700275B06 /* LaunchScreen.storyboard */; };
/* End PBXBuildFile section */

/* Begin PBXFileReference section */
		048BF98D1D36E16700275B06 /* gitExample.app */ = {isa = PBXFileReference; explicitFileType = wrapper.application; includeInIndex = 0; path = gitExample.app; sourceTree = BUILT_PRODUCTS_DIR; };
		048BF9911D36E16700275B06 /* main.m */ = {isa = PBXFileReference; lastKnownFileType = sourcecode.c.objc; path = main.m; sourceTree = "<group>"; };
		048BF9931D36E16700275B06 /* AppDelegate.h */ = {isa = PBXFileReference; lastKnownFileType = sourcecode.c.h; path = AppDelegate.h; sourceTree = "<group>"; };
		048BF9941D36E16700275B06 /* AppDelegate.m */ = {isa = PBXFileReference; lastKnownFileType = sourcecode.c.objc; path = AppDelegate.m; sourceTree = "<group>"; };
		048BF9961D36E16700275B06 /* ViewController.h */ = {isa = PBXFileReference; lastKnownFileType = sourcecode.c.h; path = ViewController.h; sourceTree = "<group>"; };
		048BF9971D36E16700275B06 /* ViewController.m */ = {isa = PBXFileReference; lastKnownFileType = sourcecode.c.objc; path = ViewController.m; sourceTree = "<group>"; };
		048BF99A1D36E16700275B06 /* Base */ = {isa = PBXFileReference; lastKnownFileType = file.storyboard; name = Base; path = Base.lproj/Main.storyboard; sourceTree = "<group>"; };
		048BF99C1D36E16700275B06 /* Assets.xcassets */ = {isa = PBXFileReference; lastKnownFileType = folder.assetcatalog; path = Assets.xcassets; sourceTree = "<group>"; };
		048BF99F1D36E16700275B06 /* Base */ = {isa = PBXFileReference; lastKnownFileType = file.storyboard; name = Base; path = Base.lproj/LaunchScreen.storyboard; sourceTree = "<group>"; };
		048BF9A11D36E16700275B06 /* Info.plist */ = {isa = PBXFileReference; lastKnownFileType = text.plist.xml; path = Info.plist; sourceTree = "<group>"; };
/* End PBXFileReference section */

/* Begin PBXFrameworksBuildPhase section */
		048BF98A1D36E16700275B06 /* Frameworks */ = {
			isa = PBXFrameworksBuildPhase;
			buildActionMask = 2147483647;
			files = (
			);
			runOnlyForDeploymentPostprocessing = 0;
		};
/* End PBXFrameworksBuildPhase section */

/* Begin PBXGroup section */
		048BF9841D36E16700275B06 = {
			isa = PBXGroup;
			children = (
				048BF98F1D36E16700275B06 /* gitExample */,
				048BF98E1D36E16700275B06 /* Products */,
			);
			sourceTree = "<group>";
		};
		048BF98E1D36E16700275B06 /* Products */ = {
			isa = PBXGroup;
			children = (
				048BF98D1D36E16700275B06 /* gitExample.app */,
			);
			name = Products;
			sourceTree = "<group>";
		};
		048BF98F1D36E16700275B06 /* gitExample */ = {
			isa = PBXGroup;
			children = (
				048BF9931D36E16700275B06 /* AppDelegate.h */,
				048BF9941D36E16700275B06 /* AppDelegate.m */,
				048BF9961D36E16700275B06 /* ViewController.h */,
				048BF9971D36E16700275B06 /* ViewController.m */,
				048BF9991D36E16700275B06 /* Main.storyboard */,
				048BF99C1D36E16700275B06 /* Assets.xcassets */,
				048BF99E1D36E16700275B06 /* LaunchScreen.storyboard */,
				048BF9A11D36E16700275B06 /* Info.plist */,
				048BF9901D36E16700275B06 /* Supporting Files */,
			);
			path = gitExample;
			sourceTree = "<group>";
		};
		048BF9901D36E16700275B06 /* Supporting Files */ = {
			isa = PBXGroup;
			children = (
				048BF9911D36E16700275B06 /* main.m */,
			);
			name = "Supporting Files";
			sourceTree = "<group>";
		};
/* End PBXGroup section */

/* Begin PBXNativeTarget section */
		048BF98C1D36E16700275B06 /* gitExample */ = {
			isa = PBXNativeTarget;
			buildConfigurationList = 048BF9A41D36E16700275B06 /* Build configuration list for PBXNativeTarget "gitExample" */;
			buildPhases = (
				048BF9891D36E16700275B06 /* Sources */,
				048BF98A1D36E16700275B06 /* Frameworks */,
				048BF98B1D36E16700275B06 /* Resources */,
			);
			buildRules = (
			);
			dependencies = (
			);
			name = gitExample;
			productName = gitExample;
			productReference = 048BF98D1D36E16700275B06 /* gitExample.app */;
			productType = "com.apple.product-type.application";
		};
/* End PBXNativeTarget section */

/* Begin PBXProject section */
		048BF9851D36E16700275B06 /* Project object */ = {
			isa = PBXProject;
			attributes = {
				LastUpgradeCheck = 0730;
				ORGANIZATIONNAME = mcs;
				TargetAttributes = {
					048BF98C1D36E16700275B06 = {
						CreatedOnToolsVersion = 7.3.1;
					};
				};
			};
			buildConfigurationList = 048BF9881D36E16700275B06 /* Build configuration list for PBXProject "gitExample" */;
			compatibilityVersion = "Xcode 3.2";
			developmentRegion = English;
			hasScannedForEncodings = 0;
			knownRegions = (
				en,
				Base,
			);
			mainGroup = 048BF9841D36E16700275B06;
			productRefGroup = 048BF98E1D36E16700275B06 /* Products */;
			projectDirPath = "";
			projectRoot = "";
			targets = (
				048BF98C1D36E16700275B06 /* gitExample */,
			);
		};
/* End PBXProject section */

/* Begin PBXResourcesBuildPhase section */
		048BF98B1D36E16700275B06 /* Resources */ = {
			isa = PBXResourcesBuildPhase;
			buildActionMask = 2147483647;
			files = (
				048BF9A01D36E16700275B06 /* LaunchScreen.storyboard in Resources */,
				048BF99D1D36E16700275B06 /* Assets.xcassets in Resources */,
				048BF99B1D36E16700275B06 /* Main.storyboard in Resources */,
			);
			runOnlyForDeploymentPostprocessing = 0;
		};
/* End PBXResourcesBuildPhase section */

/* Begin PBXSourcesBuildPhase section */
		048BF9891D36E16700275B06 /* Sources */ = {
			isa = PBXSourcesBuildPhase;
			buildActionMask = 2147483647;
			files = (
				048BF9981D36E16700275B06 /* ViewController.m in Sources */,
				048BF9951D36E16700275B06 /* AppDelegate.m in Sources */,
				048BF9921D36E16700275B06 /* main.m in Sources */,
			);
			runOnlyForDeploymentPostprocessing = 0;
		};
/* End PBXSourcesBuildPhase section */

/* Begin PBXVariantGroup section */
		048BF9991D36E16700275B06 /* Main.storyboard */ = {
			isa = PBXVariantGroup;
			children = (
				048BF99A1D36E16700275B06 /* Base */,
			);
			name = Main.storyboard;
			sourceTree = "<group>";
		};
		048BF99E1D36E16700275B06 /* LaunchScreen.storyboard */ = {
			isa = PBXVariantGroup;
			children = (
				048BF99F1D36E16700275B06 /* Base */,
			);
			name = LaunchScreen.storyboard;
			sourceTree = "<group>";
		};
/* End PBXVariantGroup section */

/* Begin XCBuildConfiguration section */
		048BF9A21D36E16700275B06 /* Debug */ = {
			isa = XCBuildConfiguration;
			buildSettings = {
				ALWAYS_SEARCH_USER_PATHS = NO;
				CLANG_ANALYZER_NONNULL = YES;
				CLANG_CXX_LANGUAGE_STANDARD = "gnu++0x";
				CLANG_CXX_LIBRARY = "libc++";
				CLANG_ENABLE_MODULES = YES;
				CLANG_ENABLE_OBJC_ARC = YES;
				CLANG_WARN_BOOL_CONVERSION = YES;
				CLANG_WARN_CONSTANT_CONVERSION = YES;
				CLANG_WARN_DIRECT_OBJC_ISA_USAGE = YES_ERROR;
				CLANG_WARN_EMPTY_BODY = YES;
				CLANG_WARN_ENUM_CONVERSION = YES;
				CLANG_WARN_INT_CONVERSION = YES;
				CLANG_WARN_OBJC_ROOT_CLASS = YES_ERROR;
				CLANG_WARN_UNREACHABLE_CODE = YES;
				CLANG_WARN__DUPLICATE_METHOD_MATCH = YES;
				"CODE_SIGN_IDENTITY[sdk=iphoneos*]" = "iPhone Developer";
				COPY_PHASE_STRIP = NO;
				DEBUG_INFORMATION_FORMAT = dwarf;
				ENABLE_STRICT_OBJC_MSGSEND = YES;
				ENABLE_TESTABILITY = YES;
				GCC_C_LANGUAGE_STANDARD = gnu99;
				GCC_DYNAMIC_NO_PIC = NO;
				GCC_NO_COMMON_BLOCKS = YES;
				GCC_OPTIMIZATION_LEVEL = 0;
				GCC_PREPROCESSOR_DEFINITIONS = (
					"DEBUG=1",
					"$(inherited)",
				);
				GCC_WARN_64_TO_32_BIT_CONVERSION = YES;
				GCC_WARN_ABOUT_RETURN_TYPE = YES_ERROR;
				GCC_WARN_UNDECLARED_SELECTOR = YES;
				GCC_WARN_UNINITIALIZED_AUTOS = YES_AGGRESSIVE;
				GCC_WARN_UNUSED_FUNCTION = YES;
				GCC_WARN_UNUSED_VARIABLE = YES;
				IPHONEOS_DEPLOYMENT_TARGET = 9.3;
				MTL_ENABLE_DEBUG_INFO = YES;
				ONLY_ACTIVE_ARCH = YES;
				SDKROOT = iphoneos;
				TARGETED_DEVICE_FAMILY = "1,2";
			};
			name = Debug;
		};
		048BF9A31D36E16700275B06 /* Release */ = {
			isa = XCBuildConfiguration;
			buildSettings = {
				ALWAYS_SEARCH_USER_PATHS = NO;
				CLANG_ANALYZER_NONNULL = YES;
				CLANG_CXX_LANGUAGE_STANDARD = "gnu++0x";
				CLANG_CXX_LIBRARY = "libc++";
				CLANG_ENABLE_MODULES = YES;
				CLANG_ENABLE_OBJC_ARC = YES;
				CLANG_WARN_BOOL_CONVERSION = YES;
				CLANG_WARN_CONSTANT_CONVERSION = YES;
				CLANG_WARN_DIRECT_OBJC_ISA_USAGE = YES_ERROR;
				CLANG_WARN_EMPTY_BODY = YES;
				CLANG_WARN_ENUM_CONVERSION = YES;
				CLANG_WARN_INT_CONVERSION = YES;
				CLANG_WARN_OBJC_ROOT_CLASS = YES_ERROR;
				CLANG_WARN_UNREACHABLE_CODE = YES;
				CLANG_WARN__DUPLICATE_METHOD_MATCH = YES;
				"CODE_SIGN_IDENTITY[sdk=iphoneos*]" = "iPhone Developer";
				COPY_PHASE_STRIP = NO;
				DEBUG_INFORMATION_FORMAT = "dwarf-with-dsym";
				ENABLE_NS_ASSERTIONS = NO;
				ENABLE_STRICT_OBJC_MSGSEND = YES;
				GCC_C_LANGUAGE_STANDARD = gnu99;
				GCC_NO_COMMON_BLOCKS = YES;
				GCC_WARN_64_TO_32_BIT_CONVERSION = YES;
				GCC_WARN_ABOUT_RETURN_TYPE = YES_ERROR;
				GCC_WARN_UNDECLARED_SELECTOR = YES;
				GCC_WARN_UNINITIALIZED_AUTOS = YES_AGGRESSIVE;
				GCC_WARN_UNUSED_FUNCTION = YES;
				GCC_WARN_UNUSED_VARIABLE = YES;
				IPHONEOS_DEPLOYMENT_TARGET = 9.3;
				MTL_ENABLE_DEBUG_INFO = NO;
				SDKROOT = iphoneos;
				TARGETED_DEVICE_FAMILY = "1,2";
				VALIDATE_PRODUCT = YES;
			};
			name = Release;
		};
		048BF9A51D36E16700275B06 /* Debug */ = {
			isa = XCBuildConfiguration;
			buildSettings = {
				ASSETCATALOG_COMPILER_APPICON_NAME = AppIcon;
				INFOPLIST_FILE = gitExample/Info.plist;
				LD_RUNPATH_SEARCH_PATHS = "$(inherited) @executable_path/Frameworks";
				PRODUCT_BUNDLE_IDENTIFIER = mcs.gitExample;
				PRODUCT_NAME = "$(TARGET_NAME)";
			};
			name = Debug;
		};
		048BF9A61D36E16700275B06 /* Release */ = {
			isa = XCBuildConfiguration;
			buildSettings = {
				ASSETCATALOG_COMPILER_APPICON_NAME = AppIcon;
				INFOPLIST_FILE = gitExample/Info.plist;
				LD_RUNPATH_SEARCH_PATHS = "$(inherited) @executable_path/Frameworks";
				PRODUCT_BUNDLE_IDENTIFIER = mcs.gitExample;
				PRODUCT_NAME = "$(TARGET_NAME)";
			};
			name = Release;
		};
/* End XCBuildConfiguration section */

/* Begin XCConfigurationList section */
		048BF9881D36E16700275B06 /* Build configuration list for PBXProject "gitExample" */ = {
			isa = XCConfigurationList;
			buildConfigurations = (
				048BF9A21D36E16700275B06 /* Debug */,
				048BF9A31D36E16700275B06 /* Release */,
			);
			defaultConfigurationIsVisible = 0;
			defaultConfigurationName = Release;
		};
		048BF9A41D36E16700275B06 /* Build configuration list for PBXNativeTarget "gitExample" */ = {
			isa = XCConfigurationList;
			buildConfigurations = (
				048BF9A51D36E16700275B06 /* Debug */,
				048BF9A61D36E16700275B06 /* Release */,
			);
			defaultConfigurationIsVisible = 0;
		};
/* End XCConfigurationList section */
	};
	rootObject = 048BF9851D36E16700275B06 /* Project object */;
}
